{
  "name": "tron-dapp",
  "version": "0.0.0",
  "lockfileVersion": 1,
  "requires": true,
  "dependencies": {
    "@intlify/core-base": {
      "version": "9.14.4",
      "resolved": "https://registry.npmmirror.com/@intlify/core-base/-/core-base-9.14.4.tgz",
      "integrity": "sha512-vtZCt7NqWhKEtHa3SD/322DlgP5uR9MqWxnE0y8Q0tjDs9H5Lxhss+b5wv8rmuXRoHKLESNgw9d+EN9ybBbj9g==",
      "requires": {
        "@intlify/message-compiler": "9.14.4",
        "@intlify/shared": "9.14.4"
      }
    },
    "@intlify/message-compiler": {
      "version": "9.14.4",
      "resolved": "https://registry.npmmirror.com/@intlify/message-compiler/-/message-compiler-9.14.4.tgz",
      "integrity": "sha512-vcyCLiVRN628U38c3PbahrhbbXrckrM9zpy0KZVlDk2Z0OnGwv8uQNNXP3twwGtfLsCf4gu3ci6FMIZnPaqZsw==",
      "requires": {
        "@intlify/shared": "9.14.4",
        "source-map-js": "^1.0.2"
      }
    },
    "@intlify/shared": {
      "version": "9.14.4",
      "resolved": "https://registry.npmmirror.com/@intlify/shared/-/shared-9.14.4.tgz",
      "integrity": "sha512-P9zv6i1WvMc9qDBWvIgKkymjY2ptIiQ065PjDv7z7fDqH3J/HBRBN5IoiR46r/ujRcU7hCuSIZWvCAFCyuOYZA=="
    },
    "@vue/devtools-api": {
      "version": "6.6.4",
      "resolved": "https://registry.npmmirror.com/@vue/devtools-api/-/devtools-api-6.6.4.tgz",
      "integrity": "sha512-sGhTPMuXqZ1rVOk32RylztWkfXTRhuS7vgAKv0zjqk8gbsHkJ7xfFf+jbySxt7tWObEJwyKaHMikV/WGDiQm8g=="
    },
    "source-map-js": {
      "version": "1.2.1",
      "resolved": "https://registry.npmmirror.com/source-map-js/-/source-map-js-1.2.1.tgz",
      "integrity": "sha512-UXWMKhLOwVKb728IUtQPXxfYU+usdybtUrK/8uGE8CQMvrhOpwvzDBwj0QhSL7MQc7vIsISBG8VQ8+IDQxpfQA=="
    },
    "vue-i18n": {
      "version": "9.14.4",
      "resolved": "https://registry.npmmirror.com/vue-i18n/-/vue-i18n-9.14.4.tgz",
      "integrity": "sha512-B934C8yUyWLT0EMud3DySrwSUJI7ZNiWYsEEz2gknTthqKiG4dzWE/WSa8AzCuSQzwBEv4HtG1jZDhgzPfWSKQ==",
      "requires": {
        "@intlify/core-base": "9.14.4",
        "@intlify/shared": "9.14.4",
        "@vue/devtools-api": "^6.5.0"
      }
    }
  }
}
